{
  "name": "pkmchampions-calculator",
  "version": "2.0.0",
  "lockfileVersion": 3,
  "requires": true,
  "packages": {
    "": {
      "name": "pkmchampions-calculator",
      "version": "2.0.0",
      "dependencies": {
        "@pkmn/dex": "^0.10.7"
      }
    },
    "node_modules/@pkmn/dex": {
      "version": "0.10.7",
      "resolved": "https://registry.npmjs.org/@pkmn/dex/-/dex-0.10.7.tgz",
      "integrity": "sha512-W2/92PNtEP8h/2nIPH1v7qCiiKb9r4JUybv46yo3nxXVZehs3gFR4h/TKK1sopJpLBFul1VSRCTpCdhQx5gLag==",
      "license": "MIT",
      "dependencies": {
        "@pkmn/dex-types": "^0.10.7"
      }
    },
    "node_modules/@pkmn/dex-types": {
      "version": "0.10.7",
      "resolved": "https://registry.npmjs.org/@pkmn/dex-types/-/dex-types-0.10.7.tgz",
      "integrity": "sha512-ewinxJHyeLwYSOcDsy+2pq9e1mMYNXwBB9B3CZG2fvonrkxAyycR5AtLKPqE61480jPPxaZocOh+SLtUm648SA==",
      "license": "MIT",
      "dependencies": {
        "@pkmn/types": "^4.0.0"
      }
    },
    "node_modules/@pkmn/types": {
      "version": "4.0.0",
      "resolved": "https://registry.npmjs.org/@pkmn/types/-/types-4.0.0.tgz",
      "integrity": "sha512-gR2s/pxJYEegek1TtsYCQupNR3d5hMlcJFsiD+2LyfKr4tc+gETTql47tWLX5mFSbPcbXh7f4+7txlMIDoZx/g==",
      "license": "MIT"
    }
  }
}
